
Microsoft Visual Studio Solution File, Format Version 12.00
# Visual Studio 15
VisualStudioVersion = 15.0.26403.0
MinimumVisualStudioVersion = 10.0.40219.1
Project("{F2A71F9B-5D33-465A-A702-920D77279786}") = "CALib", "CALib\CALib.fsproj", "{724E4550-E675-4B82-A6B5-83CA452FB47E}"
EndProject
Project("{2150E333-8FDC-42A3-9474-1A3956D46DE8}") = "Solution Items", "Solution Items", "{45B94AFE-0ACE-4966-8F77-97518170807B}"
	ProjectSection(SolutionItems) = preProject
		License.md = License.md
		paket.dependencies = paket.dependencies
		paketupdate.txt = paketupdate.txt
		README.md = README.md
	EndProjectSection
EndProject
Project("{F2A71F9B-5D33-465A-A702-920D77279786}") = "CaLibCore", "CaLibCore\CaLibCore.fsproj", "{695BEE8F-EC40-4C89-B944-77630B2D65A1}"
EndProject
Global
	GlobalSection(SolutionConfigurationPlatforms) = preSolution
		Debug|Any CPU = Debug|Any CPU
		Release|Any CPU = Release|Any CPU
	EndGlobalSection
	GlobalSection(ProjectConfigurationPlatforms) = postSolution
		{724E4550-E675-4B82-A6B5-83CA452FB47E}.Debug|Any CPU.ActiveCfg = Debug|Any CPU
		{724E4550-E675-4B82-A6B5-83CA452FB47E}.Debug|Any CPU.Build.0 = Debug|Any CPU
		{724E4550-E675-4B82-A6B5-83CA452FB47E}.Release|Any CPU.ActiveCfg = Release|Any CPU
		{724E4550-E675-4B82-A6B5-83CA452FB47E}.Release|Any CPU.Build.0 = Release|Any CPU
		{695BEE8F-EC40-4C89-B944-77630B2D65A1}.Debug|Any CPU.ActiveCfg = Debug|Any CPU
		{695BEE8F-EC40-4C89-B944-77630B2D65A1}.Debug|Any CPU.Build.0 = Debug|Any CPU
		{695BEE8F-EC40-4C89-B944-77630B2D65A1}.Release|Any CPU.ActiveCfg = Release|Any CPU
		{695BEE8F-EC40-4C89-B944-77630B2D65A1}.Release|Any CPU.Build.0 = Release|Any CPU
	EndGlobalSection
	GlobalSection(SolutionProperties) = preSolution
		HideSolutionNode = FALSE
	EndGlobalSection
	GlobalSection(ExtensibilityGlobals) = postSolution
		SolutionGuid = {0DB02E83-434A-4EFD-8063-9637573487D3}
	EndGlobalSection
EndGlobal
